{
  "name": "mern-boilerplate",
  "version": "2.0.0",
  "lockfileVersion": 1,
  "requires": true,
  "dependencies": {
    "classnames": {
      "version": "2.2.6",
      "resolved": "https://registry.npmjs.org/classnames/-/classnames-2.2.6.tgz",
      "integrity": "sha512-JR/iSQOSt+LQIWwrwEzJ9uk0xfN3mTVYMwt1Ir5mUcSN6pU+V4zQFFaJsclJbPuAUQH+yfWef6tm7l1quW3C8Q=="
    },
    "js-tokens": {
      "version": "4.0.0",
      "resolved": "https://registry.npmjs.org/js-tokens/-/js-tokens-4.0.0.tgz",
      "integrity": "sha512-RdJUflcE3cUzKiMqQgsCu06FPu9UdIJO0beYbPhHN4k6apgJtifcoCtT9bcxOpYBtpD2kCM6Sbzg4CausW/PKQ=="
    },
    "keymaster": {
      "version": "1.6.2",
      "resolved": "https://registry.npmjs.org/keymaster/-/keymaster-1.6.2.tgz",
      "integrity": "sha1-4a5U0OqUiPn2C2a2aPAumhlGxus="
    },
    "loose-envify": {
      "version": "1.4.0",
      "resolved": "https://registry.npmjs.org/loose-envify/-/loose-envify-1.4.0.tgz",
      "integrity": "sha512-lyuxPGr/Wfhrlem2CL/UcnUc1zcqKAImBDzukY7Y5F/yQiNdko6+fRLevlw1HgMySw7f611UIY408EtxRSoK3Q==",
      "requires": {
        "js-tokens": "4.0.0"
      }
    },
    "object-assign": {
      "version": "4.1.1",
      "resolved": "https://registry.npmjs.org/object-assign/-/object-assign-4.1.1.tgz",
      "integrity": "sha1-IQmtx5ZYh8/AXLvUQsrIv7s2CGM="
    },
    "prop-types": {
      "version": "15.6.2",
      "resolved": "https://registry.npmjs.org/prop-types/-/prop-types-15.6.2.tgz",
      "integrity": "sha512-3pboPvLiWD7dkI3qf3KbUe6hKFKa52w+AE0VCqECtf+QHAKgOL37tTaNCnuX1nAAQ4ZhyP+kYVKf8rLmJ/feDQ==",
      "requires": {
        "loose-envify": "1.4.0",
        "object-assign": "4.1.1"
      }
    },
    "react-card-flip": {
      "version": "0.3.0",
      "resolved": "https://registry.npmjs.org/react-card-flip/-/react-card-flip-0.3.0.tgz",
      "integrity": "sha512-+brmWCogsJmS5cjpd4iRS7Z4Mfz+jaEVUvKK/Q1edWTOgXjjA6EI1l+u/ID6XF2szQ/9QbXKqNf5myb5OM51Yg==",
      "requires": {
        "classnames": "2.2.6",
        "prop-types": "15.6.2"
      }
    },
    "react-flipcard-2": {
      "version": "0.3.2",
      "resolved": "https://registry.npmjs.org/react-flipcard-2/-/react-flipcard-2-0.3.2.tgz",
      "integrity": "sha512-bIzM3+pEBMCm2BrZwKlkxzE50ku45tYy2oMARbdJmyaP15Dde0OIIMmU7oYQSXvkqSMIr9dUxVQznA393DzeuA==",
      "requires": {
        "classnames": "2.2.6",
        "prop-types": "15.6.2"
      }
    },
    "react-popup": {
      "version": "0.9.3",
      "resolved": "https://registry.npmjs.org/react-popup/-/react-popup-0.9.3.tgz",
      "integrity": "sha512-w6bC/Yo+ybe76npOGwoZyGC2f5IaNpHp5GP/Oa63RpYJKn/hERstMCkKMHrTyWNCkxCK+DCpizkQs9DdhBL/HA==",
      "requires": {
        "keymaster": "1.6.2"
      }
    }
  }
}
